// !$*UTF8*$!
{
	archiveVersion = 1;
	classes = {
	};
	objectVersion = 50;
	objects = {

/* Begin PBXBuildFile section */
		53AE41CC232D20B700472E2F /* AppDelegate.swift in Sources */ = {isa = PBXBuildFile; fileRef = 53AE41CB232D20B700472E2F /* AppDelegate.swift */; };
		53AE41CE232D20B700472E2F /* MainViewController.swift in Sources */ = {isa = PBXBuildFile; fileRef = 53AE41CD232D20B700472E2F /* MainViewController.swift */; };
		53AE41D3232D20B900472E2F /* Assets.xcassets in Resources */ = {isa = PBXBuildFile; fileRef = 53AE41D2232D20B900472E2F /* Assets.xcassets */; };
		53AE41D6232D20B900472E2F /* LaunchScreen.storyboard in Resources */ = {isa = PBXBuildFile; fileRef = 53AE41D4232D20B900472E2F /* LaunchScreen.storyboard */; };
		53AE41DE232D26D800472E2F /* LoginViewController.swift in Sources */ = {isa = PBXBuildFile; fileRef = 53AE41DD232D26D800472E2F /* LoginViewController.swift */; };
		53AE41E3232D283D00472E2F /* Constants.swift in Sources */ = {isa = PBXBuildFile; fileRef = 53AE41E2232D283D00472E2F /* Constants.swift */; };
		D4C343BC232D3BBD00E1102D /* EventCell.swift in Sources */ = {isa = PBXBuildFile; fileRef = D4C343BB232D3BBC00E1102D /* EventCell.swift */; };
		D4C343C0232D5B7D00E1102D /* EndPointType.swift in Sources */ = {isa = PBXBuildFile; fileRef = D4C343BF232D5B7D00E1102D /* EndPointType.swift */; };
		D4C343C2232D5BA000E1102D /* HTTPMethod.swift in Sources */ = {isa = PBXBuildFile; fileRef = D4C343C1232D5BA000E1102D /* HTTPMethod.swift */; };
		D4C343C4232D5BBE00E1102D /* HTTPTask.swift in Sources */ = {isa = PBXBuildFile; fileRef = D4C343C3232D5BBE00E1102D /* HTTPTask.swift */; };
		D4C343C6232D5BE300E1102D /* Router.swift in Sources */ = {isa = PBXBuildFile; fileRef = D4C343C5232D5BE300E1102D /* Router.swift */; };
		D4C343CB232D5CD100E1102D /* ParameterEncoding.swift in Sources */ = {isa = PBXBuildFile; fileRef = D4C343CA232D5CD100E1102D /* ParameterEncoding.swift */; };
		D4C343CD232D5CEE00E1102D /* URLParameterEncoding.swift in Sources */ = {isa = PBXBuildFile; fileRef = D4C343CC232D5CEE00E1102D /* URLParameterEncoding.swift */; };
		D4C343CF232D5CFC00E1102D /* JSONParameterEncoding.swift in Sources */ = {isa = PBXBuildFile; fileRef = D4C343CE232D5CFC00E1102D /* JSONParameterEncoding.swift */; };
		D4C343D3232D5FEC00E1102D /* NetworkManager.swift in Sources */ = {isa = PBXBuildFile; fileRef = D4C343D2232D5FEC00E1102D /* NetworkManager.swift */; };
		D4C343D5232D60CB00E1102D /* APIEndPoints.swift in Sources */ = {isa = PBXBuildFile; fileRef = D4C343D4232D60CB00E1102D /* APIEndPoints.swift */; };
		D4C343D7232D77F400E1102D /* APIResponse.swift in Sources */ = {isa = PBXBuildFile; fileRef = D4C343D6232D77F400E1102D /* APIResponse.swift */; };
		53AE41E5232D39EC00472E2F /* Event.swift in Sources */ = {isa = PBXBuildFile; fileRef = 53AE41E4232D39EC00472E2F /* Event.swift */; };
		53AE41E7232D3AAC00472E2F /* Participant.swift in Sources */ = {isa = PBXBuildFile; fileRef = 53AE41E6232D3AAC00472E2F /* Participant.swift */; };
		53AE41EB232D44BB00472E2F /* StatusImageView.swift in Sources */ = {isa = PBXBuildFile; fileRef = 53AE41EA232D44BB00472E2F /* StatusImageView.swift */; };
		53AE41EF232D4F2400472E2F /* EventViewController.swift in Sources */ = {isa = PBXBuildFile; fileRef = 53AE41EE232D4F2400472E2F /* EventViewController.swift */; };
		53B48199232D7822006B6B74 /* EventTableViewCell.swift in Sources */ = {isa = PBXBuildFile; fileRef = 53B48198232D7822006B6B74 /* EventTableViewCell.swift */; };
		53B4819B232D911A006B6B74 /* Animator.swift in Sources */ = {isa = PBXBuildFile; fileRef = 53B4819A232D911A006B6B74 /* Animator.swift */; };
		53B4819D232DB2AD006B6B74 /* QRViewController.swift in Sources */ = {isa = PBXBuildFile; fileRef = 53B4819C232DB2AD006B6B74 /* QRViewController.swift */; };
/* End PBXBuildFile section */

/* Begin PBXFileReference section */
		53AE41C8232D20B700472E2F /* moreTech.app */ = {isa = PBXFileReference; explicitFileType = wrapper.application; includeInIndex = 0; path = moreTech.app; sourceTree = BUILT_PRODUCTS_DIR; };
		53AE41CB232D20B700472E2F /* AppDelegate.swift */ = {isa = PBXFileReference; lastKnownFileType = sourcecode.swift; path = AppDelegate.swift; sourceTree = "<group>"; };
		53AE41CD232D20B700472E2F /* MainViewController.swift */ = {isa = PBXFileReference; lastKnownFileType = sourcecode.swift; path = MainViewController.swift; sourceTree = "<group>"; };
		53AE41D2232D20B900472E2F /* Assets.xcassets */ = {isa = PBXFileReference; lastKnownFileType = folder.assetcatalog; path = Assets.xcassets; sourceTree = "<group>"; };
		53AE41D5232D20B900472E2F /* Base */ = {isa = PBXFileReference; lastKnownFileType = file.storyboard; name = Base; path = Base.lproj/LaunchScreen.storyboard; sourceTree = "<group>"; };
		53AE41D7232D20B900472E2F /* Info.plist */ = {isa = PBXFileReference; lastKnownFileType = text.plist.xml; path = Info.plist; sourceTree = "<group>"; };
		53AE41DD232D26D800472E2F /* LoginViewController.swift */ = {isa = PBXFileReference; lastKnownFileType = sourcecode.swift; path = LoginViewController.swift; sourceTree = "<group>"; };
		53AE41E2232D283D00472E2F /* Constants.swift */ = {isa = PBXFileReference; lastKnownFileType = sourcecode.swift; path = Constants.swift; sourceTree = "<group>"; };
		D4C343BB232D3BBC00E1102D /* EventCell.swift */ = {isa = PBXFileReference; lastKnownFileType = sourcecode.swift; path = EventCell.swift; sourceTree = "<group>"; };
		D4C343BF232D5B7D00E1102D /* EndPointType.swift */ = {isa = PBXFileReference; lastKnownFileType = sourcecode.swift; path = EndPointType.swift; sourceTree = "<group>"; };
		D4C343C1232D5BA000E1102D /* HTTPMethod.swift */ = {isa = PBXFileReference; lastKnownFileType = sourcecode.swift; path = HTTPMethod.swift; sourceTree = "<group>"; };
		D4C343C3232D5BBE00E1102D /* HTTPTask.swift */ = {isa = PBXFileReference; lastKnownFileType = sourcecode.swift; path = HTTPTask.swift; sourceTree = "<group>"; };
		D4C343C5232D5BE300E1102D /* Router.swift */ = {isa = PBXFileReference; lastKnownFileType = sourcecode.swift; path = Router.swift; sourceTree = "<group>"; };
		D4C343CA232D5CD100E1102D /* ParameterEncoding.swift */ = {isa = PBXFileReference; lastKnownFileType = sourcecode.swift; path = ParameterEncoding.swift; sourceTree = "<group>"; };
		D4C343CC232D5CEE00E1102D /* URLParameterEncoding.swift */ = {isa = PBXFileReference; lastKnownFileType = sourcecode.swift; path = URLParameterEncoding.swift; sourceTree = "<group>"; };
		D4C343CE232D5CFC00E1102D /* JSONParameterEncoding.swift */ = {isa = PBXFileReference; lastKnownFileType = sourcecode.swift; path = JSONParameterEncoding.swift; sourceTree = "<group>"; };
		D4C343D2232D5FEC00E1102D /* NetworkManager.swift */ = {isa = PBXFileReference; lastKnownFileType = sourcecode.swift; path = NetworkManager.swift; sourceTree = "<group>"; };
		D4C343D4232D60CB00E1102D /* APIEndPoints.swift */ = {isa = PBXFileReference; lastKnownFileType = sourcecode.swift; path = APIEndPoints.swift; sourceTree = "<group>"; };
		D4C343D6232D77F400E1102D /* APIResponse.swift */ = {isa = PBXFileReference; lastKnownFileType = sourcecode.swift; path = APIResponse.swift; sourceTree = "<group>"; };
		53AE41E4232D39EC00472E2F /* Event.swift */ = {isa = PBXFileReference; lastKnownFileType = sourcecode.swift; path = Event.swift; sourceTree = "<group>"; };
		53AE41E6232D3AAC00472E2F /* Participant.swift */ = {isa = PBXFileReference; lastKnownFileType = sourcecode.swift; path = Participant.swift; sourceTree = "<group>"; };
		53AE41EA232D44BB00472E2F /* StatusImageView.swift */ = {isa = PBXFileReference; lastKnownFileType = sourcecode.swift; path = StatusImageView.swift; sourceTree = "<group>"; };
		53AE41EE232D4F2400472E2F /* EventViewController.swift */ = {isa = PBXFileReference; lastKnownFileType = sourcecode.swift; name = EventViewController.swift; path = ../View/EventViewController.swift; sourceTree = "<group>"; };
		53B48198232D7822006B6B74 /* EventTableViewCell.swift */ = {isa = PBXFileReference; lastKnownFileType = sourcecode.swift; path = EventTableViewCell.swift; sourceTree = "<group>"; };
		53B4819A232D911A006B6B74 /* Animator.swift */ = {isa = PBXFileReference; lastKnownFileType = sourcecode.swift; path = Animator.swift; sourceTree = "<group>"; };
		53B4819C232DB2AD006B6B74 /* QRViewController.swift */ = {isa = PBXFileReference; lastKnownFileType = sourcecode.swift; name = QRViewController.swift; path = moreTech/Controllers/QRViewController.swift; sourceTree = SOURCE_ROOT; };
/* End PBXFileReference section */

/* Begin PBXFrameworksBuildPhase section */
		53AE41C5232D20B700472E2F /* Frameworks */ = {
			isa = PBXFrameworksBuildPhase;
			buildActionMask = 2147483647;
			files = (
			);
			runOnlyForDeploymentPostprocessing = 0;
		};
/* End PBXFrameworksBuildPhase section */

/* Begin PBXGroup section */
		53AE41BF232D20B700472E2F = {
			isa = PBXGroup;
			children = (
				53AE41CA232D20B700472E2F /* moreTech */,
				53AE41C9232D20B700472E2F /* Products */,
			);
			sourceTree = "<group>";
		};
		53AE41C9232D20B700472E2F /* Products */ = {
			isa = PBXGroup;
			children = (
				53AE41C8232D20B700472E2F /* moreTech.app */,
			);
			name = Products;
			sourceTree = "<group>";
		};
		53AE41CA232D20B700472E2F /* moreTech */ = {
			isa = PBXGroup;
			children = (
				D4C343BE232D572200E1102D /* Networking */,
				53AE41E1232D278800472E2F /* Controllers */,
				53AE41E0232D278200472E2F /* View */,
				53AE41DF232D277900472E2F /* Model */,
				53AE41CB232D20B700472E2F /* AppDelegate.swift */,
				53AE41D2232D20B900472E2F /* Assets.xcassets */,
				53AE41D4232D20B900472E2F /* LaunchScreen.storyboard */,
				53AE41D7232D20B900472E2F /* Info.plist */,
			);
			path = moreTech;
			sourceTree = "<group>";
		};
		53AE41DF232D277900472E2F /* Model */ = {
			isa = PBXGroup;
			children = (
				53AE41E2232D283D00472E2F /* Constants.swift */,
				53AE41E4232D39EC00472E2F /* Event.swift */,
				53AE41E6232D3AAC00472E2F /* Participant.swift */,
			);
			path = Model;
			sourceTree = "<group>";
		};
		53AE41E0232D278200472E2F /* View */ = {
			isa = PBXGroup;
			children = (
				53AE41EA232D44BB00472E2F /* StatusImageView.swift */,
				53B4819A232D911A006B6B74 /* Animator.swift */,
				53B48198232D7822006B6B74 /* EventTableViewCell.swift */,
			);
			path = View;
			sourceTree = "<group>";
		};
		53AE41E1232D278800472E2F /* Controllers */ = {
			isa = PBXGroup;
			children = (
				53AE41DD232D26D800472E2F /* LoginViewController.swift */,
				53AE41CD232D20B700472E2F /* MainViewController.swift */,
				D4C343BB232D3BBC00E1102D /* EventCell.swift */,
				53AE41EE232D4F2400472E2F /* EventViewController.swift */,
				53B4819C232DB2AD006B6B74 /* QRViewController.swift */,
			);
			path = Controllers;
			sourceTree = "<group>";
		};
		D4C343BE232D572200E1102D /* Networking */ = {
			isa = PBXGroup;
			children = (
				D4C343D4232D60CB00E1102D /* APIEndPoints.swift */,
				D4C343D6232D77F400E1102D /* APIResponse.swift */,
				D4C343D1232D5FD500E1102D /* Manager */,
				D4C343D0232D5FC100E1102D /* Service */,
				D4C343C9232D5C6E00E1102D /* Encoding */,
			);
			path = Networking;
			sourceTree = "<group>";
		};
		D4C343C9232D5C6E00E1102D /* Encoding */ = {
			isa = PBXGroup;
			children = (
				D4C343CA232D5CD100E1102D /* ParameterEncoding.swift */,
				D4C343CC232D5CEE00E1102D /* URLParameterEncoding.swift */,
				D4C343CE232D5CFC00E1102D /* JSONParameterEncoding.swift */,
			);
			path = Encoding;
			sourceTree = "<group>";
		};
		D4C343D0232D5FC100E1102D /* Service */ = {
			isa = PBXGroup;
			children = (
				D4C343BF232D5B7D00E1102D /* EndPointType.swift */,
				D4C343C1232D5BA000E1102D /* HTTPMethod.swift */,
				D4C343C3232D5BBE00E1102D /* HTTPTask.swift */,
				D4C343C5232D5BE300E1102D /* Router.swift */,
			);
			path = Service;
			sourceTree = "<group>";
		};
		D4C343D1232D5FD500E1102D /* Manager */ = {
			isa = PBXGroup;
			children = (
				D4C343D2232D5FEC00E1102D /* NetworkManager.swift */,
			);
			path = Manager;
			sourceTree = "<group>";
		};
/* End PBXGroup section */

/* Begin PBXNativeTarget section */
		53AE41C7232D20B700472E2F /* moreTech */ = {
			isa = PBXNativeTarget;
			buildConfigurationList = 53AE41DA232D20B900472E2F /* Build configuration list for PBXNativeTarget "moreTech" */;
			buildPhases = (
				53AE41C4232D20B700472E2F /* Sources */,
				53AE41C5232D20B700472E2F /* Frameworks */,
				53AE41C6232D20B700472E2F /* Resources */,
			);
			buildRules = (
			);
			dependencies = (
			);
			name = moreTech;
			productName = moreTech;
			productReference = 53AE41C8232D20B700472E2F /* moreTech.app */;
			productType = "com.apple.product-type.application";
		};
/* End PBXNativeTarget section */

/* Begin PBXProject section */
		53AE41C0232D20B700472E2F /* Project object */ = {
			isa = PBXProject;
			attributes = {
				LastSwiftUpdateCheck = 1030;
				LastUpgradeCheck = 1030;
				ORGANIZATIONNAME = Yoav;
				TargetAttributes = {
					53AE41C7232D20B700472E2F = {
						CreatedOnToolsVersion = 10.3;
					};
				};
			};
			buildConfigurationList = 53AE41C3232D20B700472E2F /* Build configuration list for PBXProject "moreTech" */;
			compatibilityVersion = "Xcode 9.3";
			developmentRegion = en;
			hasScannedForEncodings = 0;
			knownRegions = (
				en,
				Base,
			);
			mainGroup = 53AE41BF232D20B700472E2F;
			productRefGroup = 53AE41C9232D20B700472E2F /* Products */;
			projectDirPath = "";
			projectRoot = "";
			targets = (
				53AE41C7232D20B700472E2F /* moreTech */,
			);
		};
/* End PBXProject section */

/* Begin PBXResourcesBuildPhase section */
		53AE41C6232D20B700472E2F /* Resources */ = {
			isa = PBXResourcesBuildPhase;
			buildActionMask = 2147483647;
			files = (
				53AE41D6232D20B900472E2F /* LaunchScreen.storyboard in Resources */,
				53AE41D3232D20B900472E2F /* Assets.xcassets in Resources */,
			);
			runOnlyForDeploymentPostprocessing = 0;
		};
/* End PBXResourcesBuildPhase section */

/* Begin PBXSourcesBuildPhase section */
		53AE41C4232D20B700472E2F /* Sources */ = {
			isa = PBXSourcesBuildPhase;
			buildActionMask = 2147483647;
			files = (
				53B4819B232D911A006B6B74 /* Animator.swift in Sources */,
				53B48199232D7822006B6B74 /* EventTableViewCell.swift in Sources */,
				53AE41E5232D39EC00472E2F /* Event.swift in Sources */,
				53AE41EB232D44BB00472E2F /* StatusImageView.swift in Sources */,
				53AE41DE232D26D800472E2F /* LoginViewController.swift in Sources */,
				53B4819D232DB2AD006B6B74 /* QRViewController.swift in Sources */,
				53AE41CE232D20B700472E2F /* MainViewController.swift in Sources */,
				D4C343CB232D5CD100E1102D /* ParameterEncoding.swift in Sources */,
				D4C343D5232D60CB00E1102D /* APIEndPoints.swift in Sources */,
				D4C343D3232D5FEC00E1102D /* NetworkManager.swift in Sources */,
				D4C343C2232D5BA000E1102D /* HTTPMethod.swift in Sources */,
				D4C343C0232D5B7D00E1102D /* EndPointType.swift in Sources */,
				D4C343C6232D5BE300E1102D /* Router.swift in Sources */,
				D4C343D7232D77F400E1102D /* APIResponse.swift in Sources */,
				D4C343C4232D5BBE00E1102D /* HTTPTask.swift in Sources */,
				D4C343CD232D5CEE00E1102D /* URLParameterEncoding.swift in Sources */,
				D4C343CF232D5CFC00E1102D /* JSONParameterEncoding.swift in Sources */,
				D4C343BC232D3BBD00E1102D /* EventCell.swift in Sources */,
				53AE41CC232D20B700472E2F /* AppDelegate.swift in Sources */,
				53AE41EF232D4F2400472E2F /* EventViewController.swift in Sources */,
				53AE41E3232D283D00472E2F /* Constants.swift in Sources */,
				53AE41E7232D3AAC00472E2F /* Participant.swift in Sources */,
			);
			runOnlyForDeploymentPostprocessing = 0;
		};
/* End PBXSourcesBuildPhase section */

/* Begin PBXVariantGroup section */
		53AE41D4232D20B900472E2F /* LaunchScreen.storyboard */ = {
			isa = PBXVariantGroup;
			children = (
				53AE41D5232D20B900472E2F /* Base */,
			);
			name = LaunchScreen.storyboard;
			sourceTree = "<group>";
		};
/* End PBXVariantGroup section */

/* Begin XCBuildConfiguration section */
		53AE41D8232D20B900472E2F /* Debug */ = {
			isa = XCBuildConfiguration;
			buildSettings = {
				ALWAYS_SEARCH_USER_PATHS = NO;
				CLANG_ANALYZER_NONNULL = YES;
				CLANG_ANALYZER_NUMBER_OBJECT_CONVERSION = YES_AGGRESSIVE;
				CLANG_CXX_LANGUAGE_STANDARD = "gnu++14";
				CLANG_CXX_LIBRARY = "libc++";
				CLANG_ENABLE_MODULES = YES;
				CLANG_ENABLE_OBJC_ARC = YES;
				CLANG_ENABLE_OBJC_WEAK = YES;
				CLANG_WARN_BLOCK_CAPTURE_AUTORELEASING = YES;
				CLANG_WARN_BOOL_CONVERSION = YES;
				CLANG_WARN_COMMA = YES;
				CLANG_WARN_CONSTANT_CONVERSION = YES;
				CLANG_WARN_DEPRECATED_OBJC_IMPLEMENTATIONS = YES;
				CLANG_WARN_DIRECT_OBJC_ISA_USAGE = YES_ERROR;
				CLANG_WARN_DOCUMENTATION_COMMENTS = YES;
				CLANG_WARN_EMPTY_BODY = YES;
				CLANG_WARN_ENUM_CONVERSION = YES;
				CLANG_WARN_INFINITE_RECURSION = YES;
				CLANG_WARN_INT_CONVERSION = YES;
				CLANG_WARN_NON_LITERAL_NULL_CONVERSION = YES;
				CLANG_WARN_OBJC_IMPLICIT_RETAIN_SELF = YES;
				CLANG_WARN_OBJC_LITERAL_CONVERSION = YES;
				CLANG_WARN_OBJC_ROOT_CLASS = YES_ERROR;
				CLANG_WARN_RANGE_LOOP_ANALYSIS = YES;
				CLANG_WARN_STRICT_PROTOTYPES = YES;
				CLANG_WARN_SUSPICIOUS_MOVE = YES;
				CLANG_WARN_UNGUARDED_AVAILABILITY = YES_AGGRESSIVE;
				CLANG_WARN_UNREACHABLE_CODE = YES;
				CLANG_WARN__DUPLICATE_METHOD_MATCH = YES;
				CODE_SIGN_IDENTITY = "iPhone Developer";
				COPY_PHASE_STRIP = NO;
				DEBUG_INFORMATION_FORMAT = dwarf;
				ENABLE_STRICT_OBJC_MSGSEND = YES;
				ENABLE_TESTABILITY = YES;
				GCC_C_LANGUAGE_STANDARD = gnu11;
				GCC_DYNAMIC_NO_PIC = NO;
				GCC_NO_COMMON_BLOCKS = YES;
				GCC_OPTIMIZATION_LEVEL = 0;
				GCC_PREPROCESSOR_DEFINITIONS = (
					"DEBUG=1",
					"$(inherited)",
				);
				GCC_WARN_64_TO_32_BIT_CONVERSION = YES;
				GCC_WARN_ABOUT_RETURN_TYPE = YES_ERROR;
				GCC_WARN_UNDECLARED_SELECTOR = YES;
				GCC_WARN_UNINITIALIZED_AUTOS = YES_AGGRESSIVE;
				GCC_WARN_UNUSED_FUNCTION = YES;
				GCC_WARN_UNUSED_VARIABLE = YES;
				IPHONEOS_DEPLOYMENT_TARGET = 12.4;
				MTL_ENABLE_DEBUG_INFO = INCLUDE_SOURCE;
				MTL_FAST_MATH = YES;
				ONLY_ACTIVE_ARCH = YES;
				SDKROOT = iphoneos;
				SWIFT_ACTIVE_COMPILATION_CONDITIONS = DEBUG;
				SWIFT_OPTIMIZATION_LEVEL = "-Onone";
			};
			name = Debug;
		};
		53AE41D9232D20B900472E2F /* Release */ = {
			isa = XCBuildConfiguration;
			buildSettings = {
				ALWAYS_SEARCH_USER_PATHS = NO;
				CLANG_ANALYZER_NONNULL = YES;
				CLANG_ANALYZER_NUMBER_OBJECT_CONVERSION = YES_AGGRESSIVE;
				CLANG_CXX_LANGUAGE_STANDARD = "gnu++14";
				CLANG_CXX_LIBRARY = "libc++";
				CLANG_ENABLE_MODULES = YES;
				CLANG_ENABLE_OBJC_ARC = YES;
				CLANG_ENABLE_OBJC_WEAK = YES;
				CLANG_WARN_BLOCK_CAPTURE_AUTORELEASING = YES;
				CLANG_WARN_BOOL_CONVERSION = YES;
				CLANG_WARN_COMMA = YES;
				CLANG_WARN_CONSTANT_CONVERSION = YES;
				CLANG_WARN_DEPRECATED_OBJC_IMPLEMENTATIONS = YES;
				CLANG_WARN_DIRECT_OBJC_ISA_USAGE = YES_ERROR;
				CLANG_WARN_DOCUMENTATION_COMMENTS = YES;
				CLANG_WARN_EMPTY_BODY = YES;
				CLANG_WARN_ENUM_CONVERSION = YES;
				CLANG_WARN_INFINITE_RECURSION = YES;
				CLANG_WARN_INT_CONVERSION = YES;
				CLANG_WARN_NON_LITERAL_NULL_CONVERSION = YES;
				CLANG_WARN_OBJC_IMPLICIT_RETAIN_SELF = YES;
				CLANG_WARN_OBJC_LITERAL_CONVERSION = YES;
				CLANG_WARN_OBJC_ROOT_CLASS = YES_ERROR;
				CLANG_WARN_RANGE_LOOP_ANALYSIS = YES;
				CLANG_WARN_STRICT_PROTOTYPES = YES;
				CLANG_WARN_SUSPICIOUS_MOVE = YES;
				CLANG_WARN_UNGUARDED_AVAILABILITY = YES_AGGRESSIVE;
				CLANG_WARN_UNREACHABLE_CODE = YES;
				CLANG_WARN__DUPLICATE_METHOD_MATCH = YES;
				CODE_SIGN_IDENTITY = "iPhone Developer";
				COPY_PHASE_STRIP = NO;
				DEBUG_INFORMATION_FORMAT = "dwarf-with-dsym";
				ENABLE_NS_ASSERTIONS = NO;
				ENABLE_STRICT_OBJC_MSGSEND = YES;
				GCC_C_LANGUAGE_STANDARD = gnu11;
				GCC_NO_COMMON_BLOCKS = YES;
				GCC_WARN_64_TO_32_BIT_CONVERSION = YES;
				GCC_WARN_ABOUT_RETURN_TYPE = YES_ERROR;
				GCC_WARN_UNDECLARED_SELECTOR = YES;
				GCC_WARN_UNINITIALIZED_AUTOS = YES_AGGRESSIVE;
				GCC_WARN_UNUSED_FUNCTION = YES;
				GCC_WARN_UNUSED_VARIABLE = YES;
				IPHONEOS_DEPLOYMENT_TARGET = 12.4;
				MTL_ENABLE_DEBUG_INFO = NO;
				MTL_FAST_MATH = YES;
				SDKROOT = iphoneos;
				SWIFT_COMPILATION_MODE = wholemodule;
				SWIFT_OPTIMIZATION_LEVEL = "-O";
				VALIDATE_PRODUCT = YES;
			};
			name = Release;
		};
		53AE41DB232D20B900472E2F /* Debug */ = {
			isa = XCBuildConfiguration;
			buildSettings = {
				ASSETCATALOG_COMPILER_APPICON_NAME = AppIcon;
				CODE_SIGN_STYLE = Automatic;
				DEVELOPMENT_TEAM = MPKAZZ2JW3;
				INFOPLIST_FILE = moreTech/Info.plist;
				LD_RUNPATH_SEARCH_PATHS = (
					"$(inherited)",
					"@executable_path/Frameworks",
				);
				PRODUCT_BUNDLE_IDENTIFIER = YoavNemirovskiy.moreTech;
				PRODUCT_NAME = "$(TARGET_NAME)";
				SWIFT_VERSION = 5.0;
				TARGETED_DEVICE_FAMILY = "1,2";
			};
			name = Debug;
		};
		53AE41DC232D20B900472E2F /* Release */ = {
			isa = XCBuildConfiguration;
			buildSettings = {
				ASSETCATALOG_COMPILER_APPICON_NAME = AppIcon;
				CODE_SIGN_STYLE = Automatic;
				DEVELOPMENT_TEAM = MPKAZZ2JW3;
				INFOPLIST_FILE = moreTech/Info.plist;
				LD_RUNPATH_SEARCH_PATHS = (
					"$(inherited)",
					"@executable_path/Frameworks",
				);
				PRODUCT_BUNDLE_IDENTIFIER = YoavNemirovskiy.moreTech;
				PRODUCT_NAME = "$(TARGET_NAME)";
				SWIFT_VERSION = 5.0;
				TARGETED_DEVICE_FAMILY = "1,2";
			};
			name = Release;
		};
/* End XCBuildConfiguration section */

/* Begin XCConfigurationList section */
		53AE41C3232D20B700472E2F /* Build configuration list for PBXProject "moreTech" */ = {
			isa = XCConfigurationList;
			buildConfigurations = (
				53AE41D8232D20B900472E2F /* Debug */,
				53AE41D9232D20B900472E2F /* Release */,
			);
			defaultConfigurationIsVisible = 0;
			defaultConfigurationName = Release;
		};
		53AE41DA232D20B900472E2F /* Build configuration list for PBXNativeTarget "moreTech" */ = {
			isa = XCConfigurationList;
			buildConfigurations = (
				53AE41DB232D20B900472E2F /* Debug */,
				53AE41DC232D20B900472E2F /* Release */,
			);
			defaultConfigurationIsVisible = 0;
			defaultConfigurationName = Release;
		};
/* End XCConfigurationList section */
	};
	rootObject = 53AE41C0232D20B700472E2F /* Project object */;
}
